
Microsoft Visual Studio Solution File, Format Version 12.00
# Visual Studio Version 16
VisualStudioVersion = 16.0.28803.352
MinimumVisualStudioVersion = 10.0.40219.1
Project("{8BC9CEB8-8B4A-11D0-8D11-00A0C91BC942}") = "HvkEngine", "VulkanTest\VulkanTest.vcxproj", "{0490DFB2-4672-474E-A6DD-21A87FA38FAB}"
EndProject
Project("{8BC9CEB8-8B4A-11D0-8D11-00A0C91BC942}") = "TestApp", "TestApp\TestApp.vcxproj", "{C9750BE9-6AB9-404D-AC2D-0DBA11020777}"
EndProject
Project("{8BC9CEB8-8B4A-11D0-8D11-00A0C91BC942}") = "HvkUtil", "HvkUtil\HvkUtil.vcxproj", "{C9D3708E-3EC3-48D8-B7FF-1BDA6D35CAD1}"
EndProject
Global
	GlobalSection(SolutionConfigurationPlatforms) = preSolution
		Debug|x64 = Debug|x64
		Debug|x86 = Debug|x86
		Release|x64 = Release|x64
		Release|x86 = Release|x86
	EndGlobalSection
	GlobalSection(ProjectConfigurationPlatforms) = postSolution
		{0490DFB2-4672-474E-A6DD-21A87FA38FAB}.Debug|x64.ActiveCfg = Debug|x64
		{0490DFB2-4672-474E-A6DD-21A87FA38FAB}.Debug|x64.Build.0 = Debug|x64
		{0490DFB2-4672-474E-A6DD-21A87FA38FAB}.Debug|x86.ActiveCfg = Debug|Win32
		{0490DFB2-4672-474E-A6DD-21A87FA38FAB}.Debug|x86.Build.0 = Debug|Win32
		{0490DFB2-4672-474E-A6DD-21A87FA38FAB}.Release|x64.ActiveCfg = Release|x64
		{0490DFB2-4672-474E-A6DD-21A87FA38FAB}.Release|x64.Build.0 = Release|x64
		{0490DFB2-4672-474E-A6DD-21A87FA38FAB}.Release|x86.ActiveCfg = Release|Win32
		{0490DFB2-4672-474E-A6DD-21A87FA38FAB}.Release|x86.Build.0 = Release|Win32
		{C9750BE9-6AB9-404D-AC2D-0DBA11020777}.Debug|x64.ActiveCfg = Debug|x64
		{C9750BE9-6AB9-404D-AC2D-0DBA11020777}.Debug|x64.Build.0 = Debug|x64
		{C9750BE9-6AB9-404D-AC2D-0DBA11020777}.Debug|x86.ActiveCfg = Debug|Win32
		{C9750BE9-6AB9-404D-AC2D-0DBA11020777}.Debug|x86.Build.0 = Debug|Win32
		{C9750BE9-6AB9-404D-AC2D-0DBA11020777}.Release|x64.ActiveCfg = Release|x64
		{C9750BE9-6AB9-404D-AC2D-0DBA11020777}.Release|x64.Build.0 = Release|x64
		{C9750BE9-6AB9-404D-AC2D-0DBA11020777}.Release|x86.ActiveCfg = Release|Win32
		{C9750BE9-6AB9-404D-AC2D-0DBA11020777}.Release|x86.Build.0 = Release|Win32
		{C9D3708E-3EC3-48D8-B7FF-1BDA6D35CAD1}.Debug|x64.ActiveCfg = Debug|x64
		{C9D3708E-3EC3-48D8-B7FF-1BDA6D35CAD1}.Debug|x64.Build.0 = Debug|x64
		{C9D3708E-3EC3-48D8-B7FF-1BDA6D35CAD1}.Debug|x86.ActiveCfg = Debug|Win32
		{C9D3708E-3EC3-48D8-B7FF-1BDA6D35CAD1}.Debug|x86.Build.0 = Debug|Win32
		{C9D3708E-3EC3-48D8-B7FF-1BDA6D35CAD1}.Release|x64.ActiveCfg = Release|x64
		{C9D3708E-3EC3-48D8-B7FF-1BDA6D35CAD1}.Release|x64.Build.0 = Release|x64
		{C9D3708E-3EC3-48D8-B7FF-1BDA6D35CAD1}.Release|x86.ActiveCfg = Release|Win32
		{C9D3708E-3EC3-48D8-B7FF-1BDA6D35CAD1}.Release|x86.Build.0 = Release|Win32
	EndGlobalSection
	GlobalSection(SolutionProperties) = preSolution
		HideSolutionNode = FALSE
	EndGlobalSection
	GlobalSection(ExtensibilityGlobals) = postSolution
		SolutionGuid = {83A8B49C-FFBD-4D7C-A440-4A336B5D4D18}
	EndGlobalSection
EndGlobal
